
Microsoft Visual Studio Solution File, Format Version 12.00
# Visual Studio Version 16
VisualStudioVersion = 16.0.30517.126
MinimumVisualStudioVersion = 10.0.40219.1
Project("{FAE04EC0-301F-11D3-BF4B-00C04F79EFBC}") = "SnakeOOP1", "SnakeOOP1\SnakeOOP1.csproj", "{523BA96F-9AA4-4050-8602-F2A7C331AB9C}"
EndProject
Global
	GlobalSection(SolutionConfigurationPlatforms) = preSolution
		Debug|Any CPU = Debug|Any CPU
		Release|Any CPU = Release|Any CPU
	EndGlobalSection
	GlobalSection(ProjectConfigurationPlatforms) = postSolution
		{523BA96F-9AA4-4050-8602-F2A7C331AB9C}.Debug|Any CPU.ActiveCfg = Debug|Any CPU
		{523BA96F-9AA4-4050-8602-F2A7C331AB9C}.Debug|Any CPU.Build.0 = Debug|Any CPU
		{523BA96F-9AA4-4050-8602-F2A7C331AB9C}.Release|Any CPU.ActiveCfg = Release|Any CPU
		{523BA96F-9AA4-4050-8602-F2A7C331AB9C}.Release|Any CPU.Build.0 = Release|Any CPU
	EndGlobalSection
	GlobalSection(SolutionProperties) = preSolution
		HideSolutionNode = FALSE
	EndGlobalSection
	GlobalSection(ExtensibilityGlobals) = postSolution
		SolutionGuid = {D04161AC-2969-44C8-842C-293260FC8161}
	EndGlobalSection
EndGlobal
